// !$*UTF8*$!
{
	archiveVersion = 1;
	classes = {
	};
	objectVersion = 48;
	objects = {

/* Begin PBXBuildFile section */
		870AAACA2052419700889CDF /* AppDelegate.swift in Sources */ = {isa = PBXBuildFile; fileRef = 870AAAC92052419700889CDF /* AppDelegate.swift */; };
		870AAACC2052419700889CDF /* ViewController.swift in Sources */ = {isa = PBXBuildFile; fileRef = 870AAACB2052419700889CDF /* ViewController.swift */; };
		870AAACF2052419700889CDF /* Main.storyboard in Resources */ = {isa = PBXBuildFile; fileRef = 870AAACD2052419700889CDF /* Main.storyboard */; };
		870AAAD22052419700889CDF /* AlbumFinder2.xcdatamodeld in Sources */ = {isa = PBXBuildFile; fileRef = 870AAAD02052419700889CDF /* AlbumFinder2.xcdatamodeld */; };
		870AAAD42052419800889CDF /* Assets.xcassets in Resources */ = {isa = PBXBuildFile; fileRef = 870AAAD32052419800889CDF /* Assets.xcassets */; };
		870AAAD72052419800889CDF /* LaunchScreen.storyboard in Resources */ = {isa = PBXBuildFile; fileRef = 870AAAD52052419800889CDF /* LaunchScreen.storyboard */; };
/* End PBXBuildFile section */

/* Begin PBXFileReference section */
		870AAAC62052419700889CDF /* AlbumFinder2.app */ = {isa = PBXFileReference; explicitFileType = wrapper.application; includeInIndex = 0; path = AlbumFinder2.app; sourceTree = BUILT_PRODUCTS_DIR; };
		870AAAC92052419700889CDF /* AppDelegate.swift */ = {isa = PBXFileReference; lastKnownFileType = sourcecode.swift; path = AppDelegate.swift; sourceTree = "<group>"; };
		870AAACB2052419700889CDF /* ViewController.swift */ = {isa = PBXFileReference; lastKnownFileType = sourcecode.swift; path = ViewController.swift; sourceTree = "<group>"; };
		870AAACE2052419700889CDF /* Base */ = {isa = PBXFileReference; lastKnownFileType = file.storyboard; name = Base; path = Base.lproj/Main.storyboard; sourceTree = "<group>"; };
		870AAAD12052419700889CDF /* AlbumFinder2.xcdatamodel */ = {isa = PBXFileReference; lastKnownFileType = wrapper.xcdatamodel; path = AlbumFinder2.xcdatamodel; sourceTree = "<group>"; };
		870AAAD32052419800889CDF /* Assets.xcassets */ = {isa = PBXFileReference; lastKnownFileType = folder.assetcatalog; path = Assets.xcassets; sourceTree = "<group>"; };
		870AAAD62052419800889CDF /* Base */ = {isa = PBXFileReference; lastKnownFileType = file.storyboard; name = Base; path = Base.lproj/LaunchScreen.storyboard; sourceTree = "<group>"; };
		870AAAD82052419800889CDF /* Info.plist */ = {isa = PBXFileReference; lastKnownFileType = text.plist.xml; path = Info.plist; sourceTree = "<group>"; };
/* End PBXFileReference section */

/* Begin PBXFrameworksBuildPhase section */
		870AAAC32052419700889CDF /* Frameworks */ = {
			isa = PBXFrameworksBuildPhase;
			buildActionMask = 2147483647;
			files = (
			);
			runOnlyForDeploymentPostprocessing = 0;
		};
/* End PBXFrameworksBuildPhase section */

/* Begin PBXGroup section */
		870AAABD2052419700889CDF = {
			isa = PBXGroup;
			children = (
				870AAAC82052419700889CDF /* AlbumFinder2 */,
				870AAAC72052419700889CDF /* Products */,
			);
			sourceTree = "<group>";
		};
		870AAAC72052419700889CDF /* Products */ = {
			isa = PBXGroup;
			children = (
				870AAAC62052419700889CDF /* AlbumFinder2.app */,
			);
			name = Products;
			sourceTree = "<group>";
		};
		870AAAC82052419700889CDF /* AlbumFinder2 */ = {
			isa = PBXGroup;
			children = (
				870AAAC92052419700889CDF /* AppDelegate.swift */,
				870AAACB2052419700889CDF /* ViewController.swift */,
				870AAACD2052419700889CDF /* Main.storyboard */,
				870AAAD32052419800889CDF /* Assets.xcassets */,
				870AAAD52052419800889CDF /* LaunchScreen.storyboard */,
				870AAAD82052419800889CDF /* Info.plist */,
				870AAAD02052419700889CDF /* AlbumFinder2.xcdatamodeld */,
			);
			path = AlbumFinder2;
			sourceTree = "<group>";
		};
/* End PBXGroup section */

/* Begin PBXNativeTarget section */
		870AAAC52052419700889CDF /* AlbumFinder2 */ = {
			isa = PBXNativeTarget;
			buildConfigurationList = 870AAADB2052419800889CDF /* Build configuration list for PBXNativeTarget "AlbumFinder2" */;
			buildPhases = (
				870AAAC22052419700889CDF /* Sources */,
				870AAAC32052419700889CDF /* Frameworks */,
				870AAAC42052419700889CDF /* Resources */,
			);
			buildRules = (
			);
			dependencies = (
			);
			name = AlbumFinder2;
			productName = AlbumFinder2;
			productReference = 870AAAC62052419700889CDF /* AlbumFinder2.app */;
			productType = "com.apple.product-type.application";
		};
/* End PBXNativeTarget section */

/* Begin PBXProject section */
		870AAABE2052419700889CDF /* Project object */ = {
			isa = PBXProject;
			attributes = {
				LastSwiftUpdateCheck = 0920;
				LastUpgradeCheck = 0920;
				ORGANIZATIONNAME = "Fernando García Hernández";
				TargetAttributes = {
					870AAAC52052419700889CDF = {
						CreatedOnToolsVersion = 9.2;
						ProvisioningStyle = Automatic;
					};
				};
			};
			buildConfigurationList = 870AAAC12052419700889CDF /* Build configuration list for PBXProject "AlbumFinder2" */;
			compatibilityVersion = "Xcode 8.0";
			developmentRegion = en;
			hasScannedForEncodings = 0;
			knownRegions = (
				en,
				Base,
			);
			mainGroup = 870AAABD2052419700889CDF;
			productRefGroup = 870AAAC72052419700889CDF /* Products */;
			projectDirPath = "";
			projectRoot = "";
			targets = (
				870AAAC52052419700889CDF /* AlbumFinder2 */,
			);
		};
/* End PBXProject section */

/* Begin PBXResourcesBuildPhase section */
		870AAAC42052419700889CDF /* Resources */ = {
			isa = PBXResourcesBuildPhase;
			buildActionMask = 2147483647;
			files = (
				870AAAD72052419800889CDF /* LaunchScreen.storyboard in Resources */,
				870AAAD42052419800889CDF /* Assets.xcassets in Resources */,
				870AAACF2052419700889CDF /* Main.storyboard in Resources */,
			);
			runOnlyForDeploymentPostprocessing = 0;
		};
/* End PBXResourcesBuildPhase section */

/* Begin PBXSourcesBuildPhase section */
		870AAAC22052419700889CDF /* Sources */ = {
			isa = PBXSourcesBuildPhase;
			buildActionMask = 2147483647;
			files = (
				870AAAD22052419700889CDF /* AlbumFinder2.xcdatamodeld in Sources */,
				870AAACC2052419700889CDF /* ViewController.swift in Sources */,
				870AAACA2052419700889CDF /* AppDelegate.swift in Sources */,
			);
			runOnlyForDeploymentPostprocessing = 0;
		};
/* End PBXSourcesBuildPhase section */

/* Begin PBXVariantGroup section */
		870AAACD2052419700889CDF /* Main.storyboard */ = {
			isa = PBXVariantGroup;
			children = (
				870AAACE2052419700889CDF /* Base */,
			);
			name = Main.storyboard;
			sourceTree = "<group>";
		};
		870AAAD52052419800889CDF /* LaunchScreen.storyboard */ = {
			isa = PBXVariantGroup;
			children = (
				870AAAD62052419800889CDF /* Base */,
			);
			name = LaunchScreen.storyboard;
			sourceTree = "<group>";
		};
/* End PBXVariantGroup section */

/* Begin XCBuildConfiguration section */
		870AAAD92052419800889CDF /* Debug */ = {
			isa = XCBuildConfiguration;
			buildSettings = {
				ALWAYS_SEARCH_USER_PATHS = NO;
				CLANG_ANALYZER_NONNULL = YES;
				CLANG_ANALYZER_NUMBER_OBJECT_CONVERSION = YES_AGGRESSIVE;
				CLANG_CXX_LANGUAGE_STANDARD = "gnu++14";
				CLANG_CXX_LIBRARY = "libc++";
				CLANG_ENABLE_MODULES = YES;
				CLANG_ENABLE_OBJC_ARC = YES;
				CLANG_WARN_BLOCK_CAPTURE_AUTORELEASING = YES;
				CLANG_WARN_BOOL_CONVERSION = YES;
				CLANG_WARN_COMMA = YES;
				CLANG_WARN_CONSTANT_CONVERSION = YES;
				CLANG_WARN_DIRECT_OBJC_ISA_USAGE = YES_ERROR;
				CLANG_WARN_DOCUMENTATION_COMMENTS = YES;
				CLANG_WARN_EMPTY_BODY = YES;
				CLANG_WARN_ENUM_CONVERSION = YES;
				CLANG_WARN_INFINITE_RECURSION = YES;
				CLANG_WARN_INT_CONVERSION = YES;
				CLANG_WARN_NON_LITERAL_NULL_CONVERSION = YES;
				CLANG_WARN_OBJC_LITERAL_CONVERSION = YES;
				CLANG_WARN_OBJC_ROOT_CLASS = YES_ERROR;
				CLANG_WARN_RANGE_LOOP_ANALYSIS = YES;
				CLANG_WARN_STRICT_PROTOTYPES = YES;
				CLANG_WARN_SUSPICIOUS_MOVE = YES;
				CLANG_WARN_UNGUARDED_AVAILABILITY = YES_AGGRESSIVE;
				CLANG_WARN_UNREACHABLE_CODE = YES;
				CLANG_WARN__DUPLICATE_METHOD_MATCH = YES;
				CODE_SIGN_IDENTITY = "iPhone Developer";
				COPY_PHASE_STRIP = NO;
				DEBUG_INFORMATION_FORMAT = dwarf;
				ENABLE_STRICT_OBJC_MSGSEND = YES;
				ENABLE_TESTABILITY = YES;
				GCC_C_LANGUAGE_STANDARD = gnu11;
				GCC_DYNAMIC_NO_PIC = NO;
				GCC_NO_COMMON_BLOCKS = YES;
				GCC_OPTIMIZATION_LEVEL = 0;
				GCC_PREPROCESSOR_DEFINITIONS = (
					"DEBUG=1",
					"$(inherited)",
				);
				GCC_WARN_64_TO_32_BIT_CONVERSION = YES;
				GCC_WARN_ABOUT_RETURN_TYPE = YES_ERROR;
				GCC_WARN_UNDECLARED_SELECTOR = YES;
				GCC_WARN_UNINITIALIZED_AUTOS = YES_AGGRESSIVE;
				GCC_WARN_UNUSED_FUNCTION = YES;
				GCC_WARN_UNUSED_VARIABLE = YES;
				IPHONEOS_DEPLOYMENT_TARGET = 11.2;
				MTL_ENABLE_DEBUG_INFO = YES;
				ONLY_ACTIVE_ARCH = YES;
				SDKROOT = iphoneos;
				SWIFT_ACTIVE_COMPILATION_CONDITIONS = DEBUG;
				SWIFT_OPTIMIZATION_LEVEL = "-Onone";
			};
			name = Debug;
		};
		870AAADA2052419800889CDF /* Release */ = {
			isa = XCBuildConfiguration;
			buildSettings = {
				ALWAYS_SEARCH_USER_PATHS = NO;
				CLANG_ANALYZER_NONNULL = YES;
				CLANG_ANALYZER_NUMBER_OBJECT_CONVERSION = YES_AGGRESSIVE;
				CLANG_CXX_LANGUAGE_STANDARD = "gnu++14";
				CLANG_CXX_LIBRARY = "libc++";
				CLANG_ENABLE_MODULES = YES;
				CLANG_ENABLE_OBJC_ARC = YES;
				CLANG_WARN_BLOCK_CAPTURE_AUTORELEASING = YES;
				CLANG_WARN_BOOL_CONVERSION = YES;
				CLANG_WARN_COMMA = YES;
				CLANG_WARN_CONSTANT_CONVERSION = YES;
				CLANG_WARN_DIRECT_OBJC_ISA_USAGE = YES_ERROR;
				CLANG_WARN_DOCUMENTATION_COMMENTS = YES;
				CLANG_WARN_EMPTY_BODY = YES;
				CLANG_WARN_ENUM_CONVERSION = YES;
				CLANG_WARN_INFINITE_RECURSION = YES;
				CLANG_WARN_INT_CONVERSION = YES;
				CLANG_WARN_NON_LITERAL_NULL_CONVERSION = YES;
				CLANG_WARN_OBJC_LITERAL_CONVERSION = YES;
				CLANG_WARN_OBJC_ROOT_CLASS = YES_ERROR;
				CLANG_WARN_RANGE_LOOP_ANALYSIS = YES;
				CLANG_WARN_STRICT_PROTOTYPES = YES;
				CLANG_WARN_SUSPICIOUS_MOVE = YES;
				CLANG_WARN_UNGUARDED_AVAILABILITY = YES_AGGRESSIVE;
				CLANG_WARN_UNREACHABLE_CODE = YES;
				CLANG_WARN__DUPLICATE_METHOD_MATCH = YES;
				CODE_SIGN_IDENTITY = "iPhone Developer";
				COPY_PHASE_STRIP = NO;
				DEBUG_INFORMATION_FORMAT = "dwarf-with-dsym";
				ENABLE_NS_ASSERTIONS = NO;
				ENABLE_STRICT_OBJC_MSGSEND = YES;
				GCC_C_LANGUAGE_STANDARD = gnu11;
				GCC_NO_COMMON_BLOCKS = YES;
				GCC_WARN_64_TO_32_BIT_CONVERSION = YES;
				GCC_WARN_ABOUT_RETURN_TYPE = YES_ERROR;
				GCC_WARN_UNDECLARED_SELECTOR = YES;
				GCC_WARN_UNINITIALIZED_AUTOS = YES_AGGRESSIVE;
				GCC_WARN_UNUSED_FUNCTION = YES;
				GCC_WARN_UNUSED_VARIABLE = YES;
				IPHONEOS_DEPLOYMENT_TARGET = 11.2;
				MTL_ENABLE_DEBUG_INFO = NO;
				SDKROOT = iphoneos;
				SWIFT_OPTIMIZATION_LEVEL = "-Owholemodule";
				VALIDATE_PRODUCT = YES;
			};
			name = Release;
		};
		870AAADC2052419800889CDF /* Debug */ = {
			isa = XCBuildConfiguration;
			buildSettings = {
				ASSETCATALOG_COMPILER_APPICON_NAME = AppIcon;
				CODE_SIGN_STYLE = Automatic;
				DEVELOPMENT_TEAM = NG73R42J2A;
				INFOPLIST_FILE = AlbumFinder2/Info.plist;
				LD_RUNPATH_SEARCH_PATHS = "$(inherited) @executable_path/Frameworks";
				PRODUCT_BUNDLE_IDENTIFIER = Covicake.AlbumFinder2;
				PRODUCT_NAME = "$(TARGET_NAME)";
				SWIFT_VERSION = 4.0;
				TARGETED_DEVICE_FAMILY = "1,2";
			};
			name = Debug;
		};
		870AAADD2052419800889CDF /* Release */ = {
			isa = XCBuildConfiguration;
			buildSettings = {
				ASSETCATALOG_COMPILER_APPICON_NAME = AppIcon;
				CODE_SIGN_STYLE = Automatic;
				DEVELOPMENT_TEAM = NG73R42J2A;
				INFOPLIST_FILE = AlbumFinder2/Info.plist;
				LD_RUNPATH_SEARCH_PATHS = "$(inherited) @executable_path/Frameworks";
				PRODUCT_BUNDLE_IDENTIFIER = Covicake.AlbumFinder2;
				PRODUCT_NAME = "$(TARGET_NAME)";
				SWIFT_VERSION = 4.0;
				TARGETED_DEVICE_FAMILY = "1,2";
			};
			name = Release;
		};
/* End XCBuildConfiguration section */

/* Begin XCConfigurationList section */
		870AAAC12052419700889CDF /* Build configuration list for PBXProject "AlbumFinder2" */ = {
			isa = XCConfigurationList;
			buildConfigurations = (
				870AAAD92052419800889CDF /* Debug */,
				870AAADA2052419800889CDF /* Release */,
			);
			defaultConfigurationIsVisible = 0;
			defaultConfigurationName = Release;
		};
		870AAADB2052419800889CDF /* Build configuration list for PBXNativeTarget "AlbumFinder2" */ = {
			isa = XCConfigurationList;
			buildConfigurations = (
				870AAADC2052419800889CDF /* Debug */,
				870AAADD2052419800889CDF /* Release */,
			);
			defaultConfigurationIsVisible = 0;
			defaultConfigurationName = Release;
		};
/* End XCConfigurationList section */

/* Begin XCVersionGroup section */
		870AAAD02052419700889CDF /* AlbumFinder2.xcdatamodeld */ = {
			isa = XCVersionGroup;
			children = (
				870AAAD12052419700889CDF /* AlbumFinder2.xcdatamodel */,
			);
			currentVersion = 870AAAD12052419700889CDF /* AlbumFinder2.xcdatamodel */;
			path = AlbumFinder2.xcdatamodeld;
			sourceTree = "<group>";
			versionGroupType = wrapper.xcdatamodel;
		};
/* End XCVersionGroup section */
	};
	rootObject = 870AAABE2052419700889CDF /* Project object */;
}
